// !$*UTF8*$!
{
	archiveVersion = 1;
	classes = {
	};
	objectVersion = 60;
	objects = {

/* Begin PBXBuildFile section */
		42C2DEB92C22A9F80085D51C /* NASAAppApp.swift in Sources */ = {isa = PBXBuildFile; fileRef = 42C2DEB82C22A9F80085D51C /* NASAAppApp.swift */; };
		42C2DEBB2C22A9F80085D51C /* MainView.swift in Sources */ = {isa = PBXBuildFile; fileRef = 42C2DEBA2C22A9F80085D51C /* MainView.swift */; };
		42C2DEBF2C22A9FA0085D51C /* Assets.xcassets in Resources */ = {isa = PBXBuildFile; fileRef = 42C2DEBE2C22A9FA0085D51C /* Assets.xcassets */; };
		42C2DEC22C22A9FA0085D51C /* Preview Assets.xcassets in Resources */ = {isa = PBXBuildFile; fileRef = 42C2DEC12C22A9FA0085D51C /* Preview Assets.xcassets */; };
		42C2DEC92C22BAA00085D51C /* PictureOfTheDay.swift in Sources */ = {isa = PBXBuildFile; fileRef = 42C2DEC82C22BAA00085D51C /* PictureOfTheDay.swift */; };
		42C2DECD2C22C97D0085D51C /* FloatingDatePicker.swift in Sources */ = {isa = PBXBuildFile; fileRef = 42C2DECC2C22C97D0085D51C /* FloatingDatePicker.swift */; };
		42C2DED12C22D3C50085D51C /* PictureView.swift in Sources */ = {isa = PBXBuildFile; fileRef = 42C2DED02C22D3C50085D51C /* PictureView.swift */; };
		42C2DED32C22D6BF0085D51C /* MainViewModel.swift in Sources */ = {isa = PBXBuildFile; fileRef = 42C2DED22C22D6BF0085D51C /* MainViewModel.swift */; };
		42C2DED52C22ED390085D51C /* WebView.swift in Sources */ = {isa = PBXBuildFile; fileRef = 42C2DED42C22ED390085D51C /* WebView.swift */; };
/* End PBXBuildFile section */

/* Begin PBXFileReference section */
		42C2DEB52C22A9F80085D51C /* NASAApp.app */ = {isa = PBXFileReference; explicitFileType = wrapper.application; includeInIndex = 0; path = NASAApp.app; sourceTree = BUILT_PRODUCTS_DIR; };
		42C2DEB82C22A9F80085D51C /* NASAAppApp.swift */ = {isa = PBXFileReference; lastKnownFileType = sourcecode.swift; path = NASAAppApp.swift; sourceTree = "<group>"; };
		42C2DEBA2C22A9F80085D51C /* MainView.swift */ = {isa = PBXFileReference; lastKnownFileType = sourcecode.swift; path = MainView.swift; sourceTree = "<group>"; };
		42C2DEBE2C22A9FA0085D51C /* Assets.xcassets */ = {isa = PBXFileReference; lastKnownFileType = folder.assetcatalog; path = Assets.xcassets; sourceTree = "<group>"; };
		42C2DEC12C22A9FA0085D51C /* Preview Assets.xcassets */ = {isa = PBXFileReference; lastKnownFileType = folder.assetcatalog; path = "Preview Assets.xcassets"; sourceTree = "<group>"; };
		42C2DEC82C22BAA00085D51C /* PictureOfTheDay.swift */ = {isa = PBXFileReference; lastKnownFileType = sourcecode.swift; path = PictureOfTheDay.swift; sourceTree = "<group>"; };
		42C2DECC2C22C97D0085D51C /* FloatingDatePicker.swift */ = {isa = PBXFileReference; lastKnownFileType = sourcecode.swift; path = FloatingDatePicker.swift; sourceTree = "<group>"; };
		42C2DED02C22D3C50085D51C /* PictureView.swift */ = {isa = PBXFileReference; lastKnownFileType = sourcecode.swift; path = PictureView.swift; sourceTree = "<group>"; };
		42C2DED22C22D6BF0085D51C /* MainViewModel.swift */ = {isa = PBXFileReference; lastKnownFileType = sourcecode.swift; path = MainViewModel.swift; sourceTree = "<group>"; };
		42C2DED42C22ED390085D51C /* WebView.swift */ = {isa = PBXFileReference; lastKnownFileType = sourcecode.swift; path = WebView.swift; sourceTree = "<group>"; };
/* End PBXFileReference section */

/* Begin PBXFrameworksBuildPhase section */
		42C2DEB22C22A9F80085D51C /* Frameworks */ = {
			isa = PBXFrameworksBuildPhase;
			buildActionMask = 2147483647;
			files = (
			);
			runOnlyForDeploymentPostprocessing = 0;
		};
/* End PBXFrameworksBuildPhase section */

/* Begin PBXGroup section */
		42C2DEAC2C22A9F80085D51C = {
			isa = PBXGroup;
			children = (
				42C2DEB72C22A9F80085D51C /* NASAApp */,
				42C2DEB62C22A9F80085D51C /* Products */,
			);
			sourceTree = "<group>";
		};
		42C2DEB62C22A9F80085D51C /* Products */ = {
			isa = PBXGroup;
			children = (
				42C2DEB52C22A9F80085D51C /* NASAApp.app */,
			);
			name = Products;
			sourceTree = "<group>";
		};
		42C2DEB72C22A9F80085D51C /* NASAApp */ = {
			isa = PBXGroup;
			children = (
				42C2DEB82C22A9F80085D51C /* NASAAppApp.swift */,
				42C2DED22C22D6BF0085D51C /* MainViewModel.swift */,
				42C2DEBA2C22A9F80085D51C /* MainView.swift */,
				42C2DED02C22D3C50085D51C /* PictureView.swift */,
				42C2DED42C22ED390085D51C /* WebView.swift */,
				42C2DECC2C22C97D0085D51C /* FloatingDatePicker.swift */,
				42C2DEC82C22BAA00085D51C /* PictureOfTheDay.swift */,
				42C2DEBE2C22A9FA0085D51C /* Assets.xcassets */,
				42C2DEC02C22A9FA0085D51C /* Preview Content */,
			);
			path = NASAApp;
			sourceTree = "<group>";
		};
		42C2DEC02C22A9FA0085D51C /* Preview Content */ = {
			isa = PBXGroup;
			children = (
				42C2DEC12C22A9FA0085D51C /* Preview Assets.xcassets */,
			);
			path = "Preview Content";
			sourceTree = "<group>";
		};
/* End PBXGroup section */

/* Begin PBXNativeTarget section */
		42C2DEB42C22A9F80085D51C /* NASAApp */ = {
			isa = PBXNativeTarget;
			buildConfigurationList = 42C2DEC52C22A9FA0085D51C /* Build configuration list for PBXNativeTarget "NASAApp" */;
			buildPhases = (
				42C2DEB12C22A9F80085D51C /* Sources */,
				42C2DEB22C22A9F80085D51C /* Frameworks */,
				42C2DEB32C22A9F80085D51C /* Resources */,
			);
			buildRules = (
			);
			dependencies = (
			);
			name = NASAApp;
			productName = NASAApp;
			productReference = 42C2DEB52C22A9F80085D51C /* NASAApp.app */;
			productType = "com.apple.product-type.application";
		};
/* End PBXNativeTarget section */

/* Begin PBXProject section */
		42C2DEAD2C22A9F80085D51C /* Project object */ = {
			isa = PBXProject;
			attributes = {
				BuildIndependentTargetsInParallel = 1;
				LastSwiftUpdateCheck = 1600;
				LastUpgradeCheck = 1600;
				TargetAttributes = {
					42C2DEB42C22A9F80085D51C = {
						CreatedOnToolsVersion = 16.0;
					};
				};
			};
			buildConfigurationList = 42C2DEB02C22A9F80085D51C /* Build configuration list for PBXProject "NASAApp" */;
			compatibilityVersion = "Xcode 15.0";
			developmentRegion = en;
			hasScannedForEncodings = 0;
			knownRegions = (
				en,
				Base,
			);
			mainGroup = 42C2DEAC2C22A9F80085D51C;
			productRefGroup = 42C2DEB62C22A9F80085D51C /* Products */;
			projectDirPath = "";
			projectRoot = "";
			targets = (
				42C2DEB42C22A9F80085D51C /* NASAApp */,
			);
		};
/* End PBXProject section */

/* Begin PBXResourcesBuildPhase section */
		42C2DEB32C22A9F80085D51C /* Resources */ = {
			isa = PBXResourcesBuildPhase;
			buildActionMask = 2147483647;
			files = (
				42C2DEC22C22A9FA0085D51C /* Preview Assets.xcassets in Resources */,
				42C2DEBF2C22A9FA0085D51C /* Assets.xcassets in Resources */,
			);
			runOnlyForDeploymentPostprocessing = 0;
		};
/* End PBXResourcesBuildPhase section */

/* Begin PBXSourcesBuildPhase section */
		42C2DEB12C22A9F80085D51C /* Sources */ = {
			isa = PBXSourcesBuildPhase;
			buildActionMask = 2147483647;
			files = (
				42C2DED12C22D3C50085D51C /* PictureView.swift in Sources */,
				42C2DEC92C22BAA00085D51C /* PictureOfTheDay.swift in Sources */,
				42C2DEBB2C22A9F80085D51C /* MainView.swift in Sources */,
				42C2DEB92C22A9F80085D51C /* NASAAppApp.swift in Sources */,
				42C2DECD2C22C97D0085D51C /* FloatingDatePicker.swift in Sources */,
				42C2DED32C22D6BF0085D51C /* MainViewModel.swift in Sources */,
				42C2DED52C22ED390085D51C /* WebView.swift in Sources */,
			);
			runOnlyForDeploymentPostprocessing = 0;
		};
/* End PBXSourcesBuildPhase section */

/* Begin XCBuildConfiguration section */
		42C2DEC32C22A9FA0085D51C /* Debug */ = {
			isa = XCBuildConfiguration;
			buildSettings = {
				ALWAYS_SEARCH_USER_PATHS = NO;
				ASSETCATALOG_COMPILER_GENERATE_SWIFT_ASSET_SYMBOL_EXTENSIONS = YES;
				CLANG_ANALYZER_NONNULL = YES;
				CLANG_ANALYZER_NUMBER_OBJECT_CONVERSION = YES_AGGRESSIVE;
				CLANG_CXX_LANGUAGE_STANDARD = "gnu++20";
				CLANG_ENABLE_MODULES = YES;
				CLANG_ENABLE_OBJC_ARC = YES;
				CLANG_ENABLE_OBJC_WEAK = YES;
				CLANG_WARN_BLOCK_CAPTURE_AUTORELEASING = YES;
				CLANG_WARN_BOOL_CONVERSION = YES;
				CLANG_WARN_COMMA = YES;
				CLANG_WARN_CONSTANT_CONVERSION = YES;
				CLANG_WARN_DEPRECATED_OBJC_IMPLEMENTATIONS = YES;
				CLANG_WARN_DIRECT_OBJC_ISA_USAGE = YES_ERROR;
				CLANG_WARN_DOCUMENTATION_COMMENTS = YES;
				CLANG_WARN_EMPTY_BODY = YES;
				CLANG_WARN_ENUM_CONVERSION = YES;
				CLANG_WARN_INFINITE_RECURSION = YES;
				CLANG_WARN_INT_CONVERSION = YES;
				CLANG_WARN_NON_LITERAL_NULL_CONVERSION = YES;
				CLANG_WARN_OBJC_IMPLICIT_RETAIN_SELF = YES;
				CLANG_WARN_OBJC_LITERAL_CONVERSION = YES;
				CLANG_WARN_OBJC_ROOT_CLASS = YES_ERROR;
				CLANG_WARN_QUOTED_INCLUDE_IN_FRAMEWORK_HEADER = YES;
				CLANG_WARN_RANGE_LOOP_ANALYSIS = YES;
				CLANG_WARN_STRICT_PROTOTYPES = YES;
				CLANG_WARN_SUSPICIOUS_MOVE = YES;
				CLANG_WARN_UNGUARDED_AVAILABILITY = YES_AGGRESSIVE;
				CLANG_WARN_UNREACHABLE_CODE = YES;
				CLANG_WARN__DUPLICATE_METHOD_MATCH = YES;
				COPY_PHASE_STRIP = NO;
				DEBUG_INFORMATION_FORMAT = dwarf;
				ENABLE_STRICT_OBJC_MSGSEND = YES;
				ENABLE_TESTABILITY = YES;
				ENABLE_USER_SCRIPT_SANDBOXING = YES;
				GCC_C_LANGUAGE_STANDARD = gnu17;
				GCC_DYNAMIC_NO_PIC = NO;
				GCC_NO_COMMON_BLOCKS = YES;
				GCC_OPTIMIZATION_LEVEL = 0;
				GCC_PREPROCESSOR_DEFINITIONS = (
					"DEBUG=1",
					"$(inherited)",
				);
				GCC_WARN_64_TO_32_BIT_CONVERSION = YES;
				GCC_WARN_ABOUT_RETURN_TYPE = YES_ERROR;
				GCC_WARN_UNDECLARED_SELECTOR = YES;
				GCC_WARN_UNINITIALIZED_AUTOS = YES_AGGRESSIVE;
				GCC_WARN_UNUSED_FUNCTION = YES;
				GCC_WARN_UNUSED_VARIABLE = YES;
				IPHONEOS_DEPLOYMENT_TARGET = 18.0;
				LOCALIZATION_PREFERS_STRING_CATALOGS = YES;
				MTL_ENABLE_DEBUG_INFO = INCLUDE_SOURCE;
				MTL_FAST_MATH = YES;
				ONLY_ACTIVE_ARCH = YES;
				SDKROOT = iphoneos;
				SWIFT_ACTIVE_COMPILATION_CONDITIONS = "DEBUG $(inherited)";
				SWIFT_OPTIMIZATION_LEVEL = "-Onone";
			};
			name = Debug;
		};
		42C2DEC42C22A9FA0085D51C /* Release */ = {
			isa = XCBuildConfiguration;
			buildSettings = {
				ALWAYS_SEARCH_USER_PATHS = NO;
				ASSETCATALOG_COMPILER_GENERATE_SWIFT_ASSET_SYMBOL_EXTENSIONS = YES;
				CLANG_ANALYZER_NONNULL = YES;
				CLANG_ANALYZER_NUMBER_OBJECT_CONVERSION = YES_AGGRESSIVE;
				CLANG_CXX_LANGUAGE_STANDARD = "gnu++20";
				CLANG_ENABLE_MODULES = YES;
				CLANG_ENABLE_OBJC_ARC = YES;
				CLANG_ENABLE_OBJC_WEAK = YES;
				CLANG_WARN_BLOCK_CAPTURE_AUTORELEASING = YES;
				CLANG_WARN_BOOL_CONVERSION = YES;
				CLANG_WARN_COMMA = YES;
				CLANG_WARN_CONSTANT_CONVERSION = YES;
				CLANG_WARN_DEPRECATED_OBJC_IMPLEMENTATIONS = YES;
				CLANG_WARN_DIRECT_OBJC_ISA_USAGE = YES_ERROR;
				CLANG_WARN_DOCUMENTATION_COMMENTS = YES;
				CLANG_WARN_EMPTY_BODY = YES;
				CLANG_WARN_ENUM_CONVERSION = YES;
				CLANG_WARN_INFINITE_RECURSION = YES;
				CLANG_WARN_INT_CONVERSION = YES;
				CLANG_WARN_NON_LITERAL_NULL_CONVERSION = YES;
				CLANG_WARN_OBJC_IMPLICIT_RETAIN_SELF = YES;
				CLANG_WARN_OBJC_LITERAL_CONVERSION = YES;
				CLANG_WARN_OBJC_ROOT_CLASS = YES_ERROR;
				CLANG_WARN_QUOTED_INCLUDE_IN_FRAMEWORK_HEADER = YES;
				CLANG_WARN_RANGE_LOOP_ANALYSIS = YES;
				CLANG_WARN_STRICT_PROTOTYPES = YES;
				CLANG_WARN_SUSPICIOUS_MOVE = YES;
				CLANG_WARN_UNGUARDED_AVAILABILITY = YES_AGGRESSIVE;
				CLANG_WARN_UNREACHABLE_CODE = YES;
				CLANG_WARN__DUPLICATE_METHOD_MATCH = YES;
				COPY_PHASE_STRIP = NO;
				DEBUG_INFORMATION_FORMAT = "dwarf-with-dsym";
				ENABLE_NS_ASSERTIONS = NO;
				ENABLE_STRICT_OBJC_MSGSEND = YES;
				ENABLE_USER_SCRIPT_SANDBOXING = YES;
				GCC_C_LANGUAGE_STANDARD = gnu17;
				GCC_NO_COMMON_BLOCKS = YES;
				GCC_WARN_64_TO_32_BIT_CONVERSION = YES;
				GCC_WARN_ABOUT_RETURN_TYPE = YES_ERROR;
				GCC_WARN_UNDECLARED_SELECTOR = YES;
				GCC_WARN_UNINITIALIZED_AUTOS = YES_AGGRESSIVE;
				GCC_WARN_UNUSED_FUNCTION = YES;
				GCC_WARN_UNUSED_VARIABLE = YES;
				IPHONEOS_DEPLOYMENT_TARGET = 18.0;
				LOCALIZATION_PREFERS_STRING_CATALOGS = YES;
				MTL_ENABLE_DEBUG_INFO = NO;
				MTL_FAST_MATH = YES;
				SDKROOT = iphoneos;
				SWIFT_COMPILATION_MODE = wholemodule;
				VALIDATE_PRODUCT = YES;
			};
			name = Release;
		};
		42C2DEC62C22A9FA0085D51C /* Debug */ = {
			isa = XCBuildConfiguration;
			buildSettings = {
				ASSETCATALOG_COMPILER_APPICON_NAME = AppIcon;
				ASSETCATALOG_COMPILER_GLOBAL_ACCENT_COLOR_NAME = AccentColor;
				CODE_SIGN_STYLE = Automatic;
				CURRENT_PROJECT_VERSION = 1;
				DEVELOPMENT_ASSET_PATHS = "\"NASAApp/Preview Content\"";
				DEVELOPMENT_TEAM = "";
				ENABLE_PREVIEWS = YES;
				GENERATE_INFOPLIST_FILE = YES;
				INFOPLIST_KEY_CFBundleDisplayName = "NASA APOD";
				INFOPLIST_KEY_UIApplicationSceneManifest_Generation = YES;
				INFOPLIST_KEY_UIApplicationSupportsIndirectInputEvents = YES;
				INFOPLIST_KEY_UILaunchScreen_Generation = YES;
				INFOPLIST_KEY_UISupportedInterfaceOrientations_iPad = "UIInterfaceOrientationPortrait UIInterfaceOrientationPortraitUpsideDown UIInterfaceOrientationLandscapeLeft UIInterfaceOrientationLandscapeRight";
				INFOPLIST_KEY_UISupportedInterfaceOrientations_iPhone = "UIInterfaceOrientationPortrait UIInterfaceOrientationLandscapeLeft UIInterfaceOrientationLandscapeRight";
				IPHONEOS_DEPLOYMENT_TARGET = 17.0;
				LD_RUNPATH_SEARCH_PATHS = (
					"$(inherited)",
					"@executable_path/Frameworks",
				);
				MARKETING_VERSION = 1.0;
				PRODUCT_BUNDLE_IDENTIFIER = swift.tec.NASAApp;
				PRODUCT_NAME = "$(TARGET_NAME)";
				SWIFT_EMIT_LOC_STRINGS = YES;
				SWIFT_VERSION = 5.0;
				TARGETED_DEVICE_FAMILY = "1,2";
			};
			name = Debug;
		};
		42C2DEC72C22A9FA0085D51C /* Release */ = {
			isa = XCBuildConfiguration;
			buildSettings = {
				ASSETCATALOG_COMPILER_APPICON_NAME = AppIcon;
				ASSETCATALOG_COMPILER_GLOBAL_ACCENT_COLOR_NAME = AccentColor;
				CODE_SIGN_STYLE = Automatic;
				CURRENT_PROJECT_VERSION = 1;
				DEVELOPMENT_ASSET_PATHS = "\"NASAApp/Preview Content\"";
				DEVELOPMENT_TEAM = "";
				ENABLE_PREVIEWS = YES;
				GENERATE_INFOPLIST_FILE = YES;
				INFOPLIST_KEY_CFBundleDisplayName = "NASA APOD";
				INFOPLIST_KEY_UIApplicationSceneManifest_Generation = YES;
				INFOPLIST_KEY_UIApplicationSupportsIndirectInputEvents = YES;
				INFOPLIST_KEY_UILaunchScreen_Generation = YES;
				INFOPLIST_KEY_UISupportedInterfaceOrientations_iPad = "UIInterfaceOrientationPortrait UIInterfaceOrientationPortraitUpsideDown UIInterfaceOrientationLandscapeLeft UIInterfaceOrientationLandscapeRight";
				INFOPLIST_KEY_UISupportedInterfaceOrientations_iPhone = "UIInterfaceOrientationPortrait UIInterfaceOrientationLandscapeLeft UIInterfaceOrientationLandscapeRight";
				IPHONEOS_DEPLOYMENT_TARGET = 17.0;
				LD_RUNPATH_SEARCH_PATHS = (
					"$(inherited)",
					"@executable_path/Frameworks",
				);
				MARKETING_VERSION = 1.0;
				PRODUCT_BUNDLE_IDENTIFIER = swift.tec.NASAApp;
				PRODUCT_NAME = "$(TARGET_NAME)";
				SWIFT_EMIT_LOC_STRINGS = YES;
				SWIFT_VERSION = 5.0;
				TARGETED_DEVICE_FAMILY = "1,2";
			};
			name = Release;
		};
/* End XCBuildConfiguration section */

/* Begin XCConfigurationList section */
		42C2DEB02C22A9F80085D51C /* Build configuration list for PBXProject "NASAApp" */ = {
			isa = XCConfigurationList;
			buildConfigurations = (
				42C2DEC32C22A9FA0085D51C /* Debug */,
				42C2DEC42C22A9FA0085D51C /* Release */,
			);
			defaultConfigurationIsVisible = 0;
			defaultConfigurationName = Release;
		};
		42C2DEC52C22A9FA0085D51C /* Build configuration list for PBXNativeTarget "NASAApp" */ = {
			isa = XCConfigurationList;
			buildConfigurations = (
				42C2DEC62C22A9FA0085D51C /* Debug */,
				42C2DEC72C22A9FA0085D51C /* Release */,
			);
			defaultConfigurationIsVisible = 0;
			defaultConfigurationName = Release;
		};
/* End XCConfigurationList section */
	};
	rootObject = 42C2DEAD2C22A9F80085D51C /* Project object */;
}
